
Microsoft Visual Studio Solution File, Format Version 12.00
Project("{FAE04EC0-301F-11D3-BF4B-00C04F79EFBC}") = "KeePassLibNetStd", "KeePassLib\KeePassLibNetStd.csproj", "{5CABA2CE-1ED9-4944-BBF4-FE001150D858}"
EndProject
Global
	GlobalSection(SolutionConfigurationPlatforms) = preSolution
		Debug|Any CPU = Debug|Any CPU
		Release|Any CPU = Release|Any CPU
	EndGlobalSection
	GlobalSection(ProjectConfigurationPlatforms) = postSolution
		{5CABA2CE-1ED9-4944-BBF4-FE001150D858}.Debug|Any CPU.ActiveCfg = Debug|Any CPU
		{5CABA2CE-1ED9-4944-BBF4-FE001150D858}.Debug|Any CPU.Build.0 = Debug|Any CPU
		{5CABA2CE-1ED9-4944-BBF4-FE001150D858}.Release|Any CPU.ActiveCfg = Release|Any CPU
		{5CABA2CE-1ED9-4944-BBF4-FE001150D858}.Release|Any CPU.Build.0 = Release|Any CPU
	EndGlobalSection
EndGlobal
